
Microsoft Visual Studio Solution File, Format Version 12.00
# Visual Studio Version 17
VisualStudioVersion = 17.8.34525.116
MinimumVisualStudioVersion = 10.0.40219.1
Project("{FAE04EC0-301F-11D3-BF4B-00C04F79EFBC}") = "Entities", "Entities\Entities.csproj", "{609478B4-D1B7-4104-8500-62E7B6A804D2}"
EndProject
Project("{FAE04EC0-301F-11D3-BF4B-00C04F79EFBC}") = "DataAccess", "DataAccess\DataAccess.csproj", "{F42A9BB5-057A-4AA7-BB59-92CF97AB7259}"
EndProject
Project("{FAE04EC0-301F-11D3-BF4B-00C04F79EFBC}") = "Business", "Business\Business.csproj", "{68031601-BE83-4DAE-9CBD-2A11E9D96AA2}"
EndProject
Project("{FAE04EC0-301F-11D3-BF4B-00C04F79EFBC}") = "Console", "Console\Console.csproj", "{DD3E8886-F3B1-49FE-A925-A8726F8E7EA2}"
EndProject
Global
	GlobalSection(SolutionConfigurationPlatforms) = preSolution
		Debug|Any CPU = Debug|Any CPU
		Release|Any CPU = Release|Any CPU
	EndGlobalSection
	GlobalSection(ProjectConfigurationPlatforms) = postSolution
		{609478B4-D1B7-4104-8500-62E7B6A804D2}.Debug|Any CPU.ActiveCfg = Debug|Any CPU
		{609478B4-D1B7-4104-8500-62E7B6A804D2}.Debug|Any CPU.Build.0 = Debug|Any CPU
		{609478B4-D1B7-4104-8500-62E7B6A804D2}.Release|Any CPU.ActiveCfg = Release|Any CPU
		{609478B4-D1B7-4104-8500-62E7B6A804D2}.Release|Any CPU.Build.0 = Release|Any CPU
		{F42A9BB5-057A-4AA7-BB59-92CF97AB7259}.Debug|Any CPU.ActiveCfg = Debug|Any CPU
		{F42A9BB5-057A-4AA7-BB59-92CF97AB7259}.Debug|Any CPU.Build.0 = Debug|Any CPU
		{F42A9BB5-057A-4AA7-BB59-92CF97AB7259}.Release|Any CPU.ActiveCfg = Release|Any CPU
		{F42A9BB5-057A-4AA7-BB59-92CF97AB7259}.Release|Any CPU.Build.0 = Release|Any CPU
		{68031601-BE83-4DAE-9CBD-2A11E9D96AA2}.Debug|Any CPU.ActiveCfg = Debug|Any CPU
		{68031601-BE83-4DAE-9CBD-2A11E9D96AA2}.Debug|Any CPU.Build.0 = Debug|Any CPU
		{68031601-BE83-4DAE-9CBD-2A11E9D96AA2}.Release|Any CPU.ActiveCfg = Release|Any CPU
		{68031601-BE83-4DAE-9CBD-2A11E9D96AA2}.Release|Any CPU.Build.0 = Release|Any CPU
		{DD3E8886-F3B1-49FE-A925-A8726F8E7EA2}.Debug|Any CPU.ActiveCfg = Debug|Any CPU
		{DD3E8886-F3B1-49FE-A925-A8726F8E7EA2}.Debug|Any CPU.Build.0 = Debug|Any CPU
		{DD3E8886-F3B1-49FE-A925-A8726F8E7EA2}.Release|Any CPU.ActiveCfg = Release|Any CPU
		{DD3E8886-F3B1-49FE-A925-A8726F8E7EA2}.Release|Any CPU.Build.0 = Release|Any CPU
	EndGlobalSection
	GlobalSection(SolutionProperties) = preSolution
		HideSolutionNode = FALSE
	EndGlobalSection
	GlobalSection(ExtensibilityGlobals) = postSolution
		SolutionGuid = {4234DE2F-5867-445C-B7A1-C38E180B9696}
	EndGlobalSection
EndGlobal
